
Microsoft Visual Studio Solution File, Format Version 12.00
# Visual Studio Version 17
VisualStudioVersion = 17.0.31903.59
MinimumVisualStudioVersion = 10.0.40219.1
Project("{2150E333-8FDC-42A3-9474-1A3956D46DE8}") = "src", "src", "{827E0CD3-B72D-47B6-A68D-7590B98EB39B}"
EndProject
Project("{FAE04EC0-301F-11D3-BF4B-00C04F79EFBC}") = "TimescaleWebAPI.Domain", "src\TimescaleWebAPI.Domain\TimescaleWebAPI.Domain.csproj", "{60B790CD-4F0C-47CE-80A3-9042CC7F4739}"
EndProject
Project("{FAE04EC0-301F-11D3-BF4B-00C04F79EFBC}") = "TimescaleWebAPI.Application", "src\TimescaleWebAPI.Application\TimescaleWebAPI.Application.csproj", "{2F70155D-DF43-4900-B4EC-9503F2201E2D}"
EndProject
Project("{FAE04EC0-301F-11D3-BF4B-00C04F79EFBC}") = "TimescaleWebAPI.Infrastructure", "src\TimescaleWebAPI.Infrastructure\TimescaleWebAPI.Infrastructure.csproj", "{B718B041-5594-4E95-B75B-A27F35861F32}"
EndProject
Project("{FAE04EC0-301F-11D3-BF4B-00C04F79EFBC}") = "TimescaleWebAPI.API", "src\TimescaleWebAPI.API\TimescaleWebAPI.API.csproj", "{D8101B86-E87F-468D-9C77-DAF231F6E02F}"
EndProject
Project("{2150E333-8FDC-42A3-9474-1A3956D46DE8}") = "tests", "tests", "{0AB3BF05-4346-4AA6-1389-037BE0695223}"
EndProject
Project("{FAE04EC0-301F-11D3-BF4B-00C04F79EFBC}") = "TimescaleWebAPI.UnitTests", "tests\TimescaleWebAPI.UnitTests\TimescaleWebAPI.UnitTests.csproj", "{B3EFC09F-F27C-4166-A3E0-AABFB09E1F5E}"
EndProject
Project("{FAE04EC0-301F-11D3-BF4B-00C04F79EFBC}") = "TimescaleWebAPI.IntegrationTests", "tests\TimescaleWebAPI.IntegrationTests\TimescaleWebAPI.IntegrationTests.csproj", "{1CE63FFC-0412-46F2-BC11-3A69AAAEFA01}"
EndProject
Global
	GlobalSection(SolutionConfigurationPlatforms) = preSolution
		Debug|Any CPU = Debug|Any CPU
		Debug|x64 = Debug|x64
		Debug|x86 = Debug|x86
		Release|Any CPU = Release|Any CPU
		Release|x64 = Release|x64
		Release|x86 = Release|x86
	EndGlobalSection
	GlobalSection(ProjectConfigurationPlatforms) = postSolution
		{60B790CD-4F0C-47CE-80A3-9042CC7F4739}.Debug|Any CPU.ActiveCfg = Debug|Any CPU
		{60B790CD-4F0C-47CE-80A3-9042CC7F4739}.Debug|Any CPU.Build.0 = Debug|Any CPU
		{60B790CD-4F0C-47CE-80A3-9042CC7F4739}.Debug|x64.ActiveCfg = Debug|Any CPU
		{60B790CD-4F0C-47CE-80A3-9042CC7F4739}.Debug|x64.Build.0 = Debug|Any CPU
		{60B790CD-4F0C-47CE-80A3-9042CC7F4739}.Debug|x86.ActiveCfg = Debug|Any CPU
		{60B790CD-4F0C-47CE-80A3-9042CC7F4739}.Debug|x86.Build.0 = Debug|Any CPU
		{60B790CD-4F0C-47CE-80A3-9042CC7F4739}.Release|Any CPU.ActiveCfg = Release|Any CPU
		{60B790CD-4F0C-47CE-80A3-9042CC7F4739}.Release|Any CPU.Build.0 = Release|Any CPU
		{60B790CD-4F0C-47CE-80A3-9042CC7F4739}.Release|x64.ActiveCfg = Release|Any CPU
		{60B790CD-4F0C-47CE-80A3-9042CC7F4739}.Release|x64.Build.0 = Release|Any CPU
		{60B790CD-4F0C-47CE-80A3-9042CC7F4739}.Release|x86.ActiveCfg = Release|Any CPU
		{60B790CD-4F0C-47CE-80A3-9042CC7F4739}.Release|x86.Build.0 = Release|Any CPU
		{2F70155D-DF43-4900-B4EC-9503F2201E2D}.Debug|Any CPU.ActiveCfg = Debug|Any CPU
		{2F70155D-DF43-4900-B4EC-9503F2201E2D}.Debug|Any CPU.Build.0 = Debug|Any CPU
		{2F70155D-DF43-4900-B4EC-9503F2201E2D}.Debug|x64.ActiveCfg = Debug|Any CPU
		{2F70155D-DF43-4900-B4EC-9503F2201E2D}.Debug|x64.Build.0 = Debug|Any CPU
		{2F70155D-DF43-4900-B4EC-9503F2201E2D}.Debug|x86.ActiveCfg = Debug|Any CPU
		{2F70155D-DF43-4900-B4EC-9503F2201E2D}.Debug|x86.Build.0 = Debug|Any CPU
		{2F70155D-DF43-4900-B4EC-9503F2201E2D}.Release|Any CPU.ActiveCfg = Release|Any CPU
		{2F70155D-DF43-4900-B4EC-9503F2201E2D}.Release|Any CPU.Build.0 = Release|Any CPU
		{2F70155D-DF43-4900-B4EC-9503F2201E2D}.Release|x64.ActiveCfg = Release|Any CPU
		{2F70155D-DF43-4900-B4EC-9503F2201E2D}.Release|x64.Build.0 = Release|Any CPU
		{2F70155D-DF43-4900-B4EC-9503F2201E2D}.Release|x86.ActiveCfg = Release|Any CPU
		{2F70155D-DF43-4900-B4EC-9503F2201E2D}.Release|x86.Build.0 = Release|Any CPU
		{B718B041-5594-4E95-B75B-A27F35861F32}.Debug|Any CPU.ActiveCfg = Debug|Any CPU
		{B718B041-5594-4E95-B75B-A27F35861F32}.Debug|Any CPU.Build.0 = Debug|Any CPU
		{B718B041-5594-4E95-B75B-A27F35861F32}.Debug|x64.ActiveCfg = Debug|Any CPU
		{B718B041-5594-4E95-B75B-A27F35861F32}.Debug|x64.Build.0 = Debug|Any CPU
		{B718B041-5594-4E95-B75B-A27F35861F32}.Debug|x86.ActiveCfg = Debug|Any CPU
		{B718B041-5594-4E95-B75B-A27F35861F32}.Debug|x86.Build.0 = Debug|Any CPU
		{B718B041-5594-4E95-B75B-A27F35861F32}.Release|Any CPU.ActiveCfg = Release|Any CPU
		{B718B041-5594-4E95-B75B-A27F35861F32}.Release|Any CPU.Build.0 = Release|Any CPU
		{B718B041-5594-4E95-B75B-A27F35861F32}.Release|x64.ActiveCfg = Release|Any CPU
		{B718B041-5594-4E95-B75B-A27F35861F32}.Release|x64.Build.0 = Release|Any CPU
		{B718B041-5594-4E95-B75B-A27F35861F32}.Release|x86.ActiveCfg = Release|Any CPU
		{B718B041-5594-4E95-B75B-A27F35861F32}.Release|x86.Build.0 = Release|Any CPU
		{D8101B86-E87F-468D-9C77-DAF231F6E02F}.Debug|Any CPU.ActiveCfg = Debug|Any CPU
		{D8101B86-E87F-468D-9C77-DAF231F6E02F}.Debug|Any CPU.Build.0 = Debug|Any CPU
		{D8101B86-E87F-468D-9C77-DAF231F6E02F}.Debug|x64.ActiveCfg = Debug|Any CPU
		{D8101B86-E87F-468D-9C77-DAF231F6E02F}.Debug|x64.Build.0 = Debug|Any CPU
		{D8101B86-E87F-468D-9C77-DAF231F6E02F}.Debug|x86.ActiveCfg = Debug|Any CPU
		{D8101B86-E87F-468D-9C77-DAF231F6E02F}.Debug|x86.Build.0 = Debug|Any CPU
		{D8101B86-E87F-468D-9C77-DAF231F6E02F}.Release|Any CPU.ActiveCfg = Release|Any CPU
		{D8101B86-E87F-468D-9C77-DAF231F6E02F}.Release|Any CPU.Build.0 = Release|Any CPU
		{D8101B86-E87F-468D-9C77-DAF231F6E02F}.Release|x64.ActiveCfg = Release|Any CPU
		{D8101B86-E87F-468D-9C77-DAF231F6E02F}.Release|x64.Build.0 = Release|Any CPU
		{D8101B86-E87F-468D-9C77-DAF231F6E02F}.Release|x86.ActiveCfg = Release|Any CPU
		{D8101B86-E87F-468D-9C77-DAF231F6E02F}.Release|x86.Build.0 = Release|Any CPU
		{B3EFC09F-F27C-4166-A3E0-AABFB09E1F5E}.Debug|Any CPU.ActiveCfg = Debug|Any CPU
		{B3EFC09F-F27C-4166-A3E0-AABFB09E1F5E}.Debug|Any CPU.Build.0 = Debug|Any CPU
		{B3EFC09F-F27C-4166-A3E0-AABFB09E1F5E}.Debug|x64.ActiveCfg = Debug|Any CPU
		{B3EFC09F-F27C-4166-A3E0-AABFB09E1F5E}.Debug|x64.Build.0 = Debug|Any CPU
		{B3EFC09F-F27C-4166-A3E0-AABFB09E1F5E}.Debug|x86.ActiveCfg = Debug|Any CPU
		{B3EFC09F-F27C-4166-A3E0-AABFB09E1F5E}.Debug|x86.Build.0 = Debug|Any CPU
		{B3EFC09F-F27C-4166-A3E0-AABFB09E1F5E}.Release|Any CPU.ActiveCfg = Release|Any CPU
		{B3EFC09F-F27C-4166-A3E0-AABFB09E1F5E}.Release|Any CPU.Build.0 = Release|Any CPU
		{B3EFC09F-F27C-4166-A3E0-AABFB09E1F5E}.Release|x64.ActiveCfg = Release|Any CPU
		{B3EFC09F-F27C-4166-A3E0-AABFB09E1F5E}.Release|x64.Build.0 = Release|Any CPU
		{B3EFC09F-F27C-4166-A3E0-AABFB09E1F5E}.Release|x86.ActiveCfg = Release|Any CPU
		{B3EFC09F-F27C-4166-A3E0-AABFB09E1F5E}.Release|x86.Build.0 = Release|Any CPU
		{1CE63FFC-0412-46F2-BC11-3A69AAAEFA01}.Debug|Any CPU.ActiveCfg = Debug|Any CPU
		{1CE63FFC-0412-46F2-BC11-3A69AAAEFA01}.Debug|Any CPU.Build.0 = Debug|Any CPU
		{1CE63FFC-0412-46F2-BC11-3A69AAAEFA01}.Debug|x64.ActiveCfg = Debug|Any CPU
		{1CE63FFC-0412-46F2-BC11-3A69AAAEFA01}.Debug|x64.Build.0 = Debug|Any CPU
		{1CE63FFC-0412-46F2-BC11-3A69AAAEFA01}.Debug|x86.ActiveCfg = Debug|Any CPU
		{1CE63FFC-0412-46F2-BC11-3A69AAAEFA01}.Debug|x86.Build.0 = Debug|Any CPU
		{1CE63FFC-0412-46F2-BC11-3A69AAAEFA01}.Release|Any CPU.ActiveCfg = Release|Any CPU
		{1CE63FFC-0412-46F2-BC11-3A69AAAEFA01}.Release|Any CPU.Build.0 = Release|Any CPU
		{1CE63FFC-0412-46F2-BC11-3A69AAAEFA01}.Release|x64.ActiveCfg = Release|Any CPU
		{1CE63FFC-0412-46F2-BC11-3A69AAAEFA01}.Release|x64.Build.0 = Release|Any CPU
		{1CE63FFC-0412-46F2-BC11-3A69AAAEFA01}.Release|x86.ActiveCfg = Release|Any CPU
		{1CE63FFC-0412-46F2-BC11-3A69AAAEFA01}.Release|x86.Build.0 = Release|Any CPU
	EndGlobalSection
	GlobalSection(SolutionProperties) = preSolution
		HideSolutionNode = FALSE
	EndGlobalSection
	GlobalSection(NestedProjects) = preSolution
		{60B790CD-4F0C-47CE-80A3-9042CC7F4739} = {827E0CD3-B72D-47B6-A68D-7590B98EB39B}
		{2F70155D-DF43-4900-B4EC-9503F2201E2D} = {827E0CD3-B72D-47B6-A68D-7590B98EB39B}
		{B718B041-5594-4E95-B75B-A27F35861F32} = {827E0CD3-B72D-47B6-A68D-7590B98EB39B}
		{D8101B86-E87F-468D-9C77-DAF231F6E02F} = {827E0CD3-B72D-47B6-A68D-7590B98EB39B}
		{B3EFC09F-F27C-4166-A3E0-AABFB09E1F5E} = {0AB3BF05-4346-4AA6-1389-037BE0695223}
		{1CE63FFC-0412-46F2-BC11-3A69AAAEFA01} = {0AB3BF05-4346-4AA6-1389-037BE0695223}
	EndGlobalSection
EndGlobal
